<?xml version="1.0" encoding="utf-8"?>
<Project ToolsVersion="4.0" xmlns="http://schemas.microsoft.com/developer/msbuild/2003">
  <ItemGroup>
    <ClCompile Include="Engine\Animation.cpp" />
    <ClCompile Include="Engine\Camera.cpp" />
    <ClCompile Include="Engine\Engine.cpp" />
    <ClCompile Include="Engine\GameObject.cpp" />
    <ClCompile Include="Engine\GameObjectManager.cpp" />
    <ClCompile Include="Engine\GameStateManager.cpp" />
    <ClCompile Include="Engine\Input.cpp" />
    <ClCompile Include="Engine\Logger.cpp" />
    <ClCompile Include="Engine\Matrix.cpp" />
    <ClCompile Include="Engine\Sprite.cpp" />
    <ClCompile Include="Engine\Texture.cpp" />
    <ClCompile Include="Engine\TextureManager.cpp" />
    <ClCompile Include="Engine\Unload_manager.cpp" />
    <ClCompile Include="Engine\Vec2.cpp" />
    <ClCompile Include="Engine\Window.cpp" />
    <ClCompile Include="Game\Button.cpp" />
    <ClCompile Include="Game\Cook.cpp" />
    <ClCompile Include="Game\Counter.cpp" />
    <ClCompile Include="Game\Counter_Background.cpp" />
    <ClCompile Include="Game\Customer.cpp" />
    <ClCompile Include="Game\Elf.cpp" />
    <ClCompile Include="Game\Ending.cpp" />
    <ClCompile Include="Game\Giraffe.cpp" />
    <ClCompile Include="Game\Ingredient.cpp" />
    <ClCompile Include="Game\IngredientTextureManager.cpp" />
    <ClCompile Include="Game\Kitchen.cpp" />
    <ClCompile Include="Game\Main_menu.cpp" />
    <ClCompile Include="Game\Operation.cpp" />
    <ClCompile Include="Game\Pet.cpp" />
    <ClCompile Include="Game\Recipe.cpp" />
    <ClCompile Include="Game\RecipeBook.cpp" />
    <ClCompile Include="Game\SideBowl.cpp" />
    <ClCompile Include="Game\Slot.cpp" />
    <ClCompile Include="Game\Splash.cpp" />
    <ClCompile Include="Game\Tool.cpp" />
    <ClCompile Include="main.cpp" />
    <ClCompile Include="Game\Day_end.cpp" />
    <ClCompile Include="Game\Anteater.cpp" />
    <ClCompile Include="Game\Clock.cpp" />
    <ClCompile Include="Game\Credit.cpp" />
    <ClCompile Include="Game\Fireman.cpp" />
    <ClCompile Include="Game\Frame.cpp" />
    <ClCompile Include="Game\Greendragon.cpp" />
    <ClCompile Include="Game\MainMenu.cpp" />
    <ClCompile Include="Game\Molu.cpp" />
    <ClCompile Include="Game\Refutation.cpp" />
    <ClCompile Include="Game\Zilien.cpp" />
    <ClCompile Include="Engine\SoundComponentManager.cpp" />
  </ItemGroup>
  <ItemGroup>
    <ClInclude Include="Engine\Animation.h" />
    <ClInclude Include="Engine\Camera.h" />
    <ClInclude Include="Engine\Engine.h" />
    <ClInclude Include="Engine\GameObject.h" />
    <ClInclude Include="Engine\GameObjectManager.h" />
    <ClInclude Include="Engine\GameState.h" />
    <ClInclude Include="Engine\GameStateManager.h" />
    <ClInclude Include="Engine\Input.h" />
    <ClInclude Include="Engine\Logger.h" />
    <ClInclude Include="Engine\Matrix.h" />
    <ClInclude Include="Engine\Rect.h" />
    <ClInclude Include="Engine\Sprite.h" />
    <ClInclude Include="Engine\Texture.h" />
    <ClInclude Include="Engine\TextureManager.h" />
    <ClInclude Include="Engine\Unload_manager.h" />
    <ClInclude Include="Engine\Vec2.h" />
    <ClInclude Include="Engine\Window.h" />
    <ClInclude Include="Game\Button.h" />
    <ClInclude Include="Game\Cook.h" />
    <ClInclude Include="Game\Counter.h" />
    <ClInclude Include="Game\Counter_Background.h" />
    <ClInclude Include="Game\Customer.h" />
    <ClInclude Include="Game\Elf.h" />
    <ClInclude Include="Game\Ending.h" />
    <ClInclude Include="Game\Giraffe.h" />
    <ClInclude Include="Game\Ingredient.h" />
    <ClInclude Include="Game\IngredientName.h" />
    <ClInclude Include="Game\IngredientTextureManager.h" />
    <ClInclude Include="Game\InventoryName.h" />
    <ClInclude Include="Game\InventoryTexture.h" />
    <ClInclude Include="Game\Kitchen.h" />
    <ClInclude Include="Game\KitchenPosition.h" />
    <ClInclude Include="Game\Main_menu.h" />
    <ClInclude Include="Game\Operation.h" />
    <ClInclude Include="Game\Pet.h" />
    <ClInclude Include="Game\PetPropertyName.h" />
    <ClInclude Include="Game\Recipe.h" />
    <ClInclude Include="Game\RecipeBook.h" />
    <ClInclude Include="Game\RecipeName.h" />
    <ClInclude Include="Game\SideBowl.h" />
    <ClInclude Include="Game\Slot.h" />
    <ClInclude Include="Game\Splash.h" />
    <ClInclude Include="Game\States.h" />
    <ClInclude Include="Game\Tool.h" />
    <ClInclude Include="Game\ToolName.h" />
    <ClInclude Include="Game\Day_end.h" />
    <ClInclude Include="Game\Anteater.h" />
    <ClInclude Include="Game\Clock.h" />
    <ClInclude Include="Game\Credit.h" />
    <ClInclude Include="Game\Fireman.h" />
    <ClInclude Include="Game\Frame.h" />
    <ClInclude Include="Game\Greendragon.h" />
    <ClInclude Include="Game\MainMenu.h" />
    <ClInclude Include="Game\Molu.h" />
    <ClInclude Include="Game\Refutation.h" />
    <ClInclude Include="Game\Zilien.h" />
    <ClInclude Include="Engine\SoundComponentManager.h" />
  </ItemGroup>
</Project>